// !$*UTF8*$!
{
	archiveVersion = 1;
	classes = {
	};
	objectVersion = 47;
	objects = {

/* Begin PBXBuildFile section */
		3B6C86BA1B79A94D00A03EC4 /* image1.png in Resources */ = {isa = PBXBuildFile; fileRef = 3B6C86B41B79A94D00A03EC4 /* image1.png */; };
		3B6C86BB1B79A94D00A03EC4 /* image2.png in Resources */ = {isa = PBXBuildFile; fileRef = 3B6C86B51B79A94D00A03EC4 /* image2.png */; };
		3B6C86BC1B79A94D00A03EC4 /* image3.png in Resources */ = {isa = PBXBuildFile; fileRef = 3B6C86B61B79A94D00A03EC4 /* image3.png */; };
		3B6C86BD1B79A94D00A03EC4 /* image4.png in Resources */ = {isa = PBXBuildFile; fileRef = 3B6C86B71B79A94D00A03EC4 /* image4.png */; };
		3B6C86BE1B79A94D00A03EC4 /* image5.png in Resources */ = {isa = PBXBuildFile; fileRef = 3B6C86B81B79A94D00A03EC4 /* image5.png */; };
		3B6C86BF1B79A94D00A03EC4 /* image6.png in Resources */ = {isa = PBXBuildFile; fileRef = 3B6C86B91B79A94D00A03EC4 /* image6.png */; };
		3BAB2D591B790CF300846CED /* AppDelegate.swift in Sources */ = {isa = PBXBuildFile; fileRef = 3BAB2D581B790CF300846CED /* AppDelegate.swift */; };
		3BAB2D5B1B790CF300846CED /* ViewController.swift in Sources */ = {isa = PBXBuildFile; fileRef = 3BAB2D5A1B790CF300846CED /* ViewController.swift */; };
		3BAB2D5E1B790CF300846CED /* Main.storyboard in Resources */ = {isa = PBXBuildFile; fileRef = 3BAB2D5C1B790CF300846CED /* Main.storyboard */; };
		3BAB2D601B790CF300846CED /* Images.xcassets in Resources */ = {isa = PBXBuildFile; fileRef = 3BAB2D5F1B790CF300846CED /* Images.xcassets */; };
		3BAB2D631B790CF300846CED /* LaunchScreen.xib in Resources */ = {isa = PBXBuildFile; fileRef = 3BAB2D611B790CF300846CED /* LaunchScreen.xib */; };
		3BAB2D6F1B790CF400846CED /* Motivational_QuotesTests.swift in Sources */ = {isa = PBXBuildFile; fileRef = 3BAB2D6E1B790CF400846CED /* Motivational_QuotesTests.swift */; };
/* End PBXBuildFile section */

/* Begin PBXContainerItemProxy section */
		3BAB2D691B790CF400846CED /* PBXContainerItemProxy */ = {
			isa = PBXContainerItemProxy;
			containerPortal = 3BAB2D4B1B790CF300846CED /* Project object */;
			proxyType = 1;
			remoteGlobalIDString = 3BAB2D521B790CF300846CED;
			remoteInfo = "Motivational Quotes";
		};
/* End PBXContainerItemProxy section */

/* Begin PBXFileReference section */
		3B6C86B41B79A94D00A03EC4 /* image1.png */ = {isa = PBXFileReference; lastKnownFileType = image.png; path = image1.png; sourceTree = "<group>"; };
		3B6C86B51B79A94D00A03EC4 /* image2.png */ = {isa = PBXFileReference; lastKnownFileType = image.png; path = image2.png; sourceTree = "<group>"; };
		3B6C86B61B79A94D00A03EC4 /* image3.png */ = {isa = PBXFileReference; lastKnownFileType = image.png; path = image3.png; sourceTree = "<group>"; };
		3B6C86B71B79A94D00A03EC4 /* image4.png */ = {isa = PBXFileReference; lastKnownFileType = image.png; path = image4.png; sourceTree = "<group>"; };
		3B6C86B81B79A94D00A03EC4 /* image5.png */ = {isa = PBXFileReference; lastKnownFileType = image.png; path = image5.png; sourceTree = "<group>"; };
		3B6C86B91B79A94D00A03EC4 /* image6.png */ = {isa = PBXFileReference; lastKnownFileType = image.png; path = image6.png; sourceTree = "<group>"; };
		3BAB2D531B790CF300846CED /* Motivational Quotes.app */ = {isa = PBXFileReference; explicitFileType = wrapper.application; includeInIndex = 0; path = "Motivational Quotes.app"; sourceTree = BUILT_PRODUCTS_DIR; };
		3BAB2D571B790CF300846CED /* Info.plist */ = {isa = PBXFileReference; lastKnownFileType = text.plist.xml; path = Info.plist; sourceTree = "<group>"; };
		3BAB2D581B790CF300846CED /* AppDelegate.swift */ = {isa = PBXFileReference; lastKnownFileType = sourcecode.swift; path = AppDelegate.swift; sourceTree = "<group>"; };
		3BAB2D5A1B790CF300846CED /* ViewController.swift */ = {isa = PBXFileReference; lastKnownFileType = sourcecode.swift; path = ViewController.swift; sourceTree = "<group>"; };
		3BAB2D5D1B790CF300846CED /* Base */ = {isa = PBXFileReference; lastKnownFileType = file.storyboard; name = Base; path = Base.lproj/Main.storyboard; sourceTree = "<group>"; };
		3BAB2D5F1B790CF300846CED /* Images.xcassets */ = {isa = PBXFileReference; lastKnownFileType = folder.assetcatalog; path = Images.xcassets; sourceTree = "<group>"; };
		3BAB2D621B790CF300846CED /* Base */ = {isa = PBXFileReference; lastKnownFileType = file.xib; name = Base; path = Base.lproj/LaunchScreen.xib; sourceTree = "<group>"; };
		3BAB2D681B790CF400846CED /* Motivational QuotesTests.xctest */ = {isa = PBXFileReference; explicitFileType = wrapper.cfbundle; includeInIndex = 0; path = "Motivational QuotesTests.xctest"; sourceTree = BUILT_PRODUCTS_DIR; };
		3BAB2D6D1B790CF400846CED /* Info.plist */ = {isa = PBXFileReference; lastKnownFileType = text.plist.xml; path = Info.plist; sourceTree = "<group>"; };
		3BAB2D6E1B790CF400846CED /* Motivational_QuotesTests.swift */ = {isa = PBXFileReference; lastKnownFileType = sourcecode.swift; path = Motivational_QuotesTests.swift; sourceTree = "<group>"; };
/* End PBXFileReference section */

/* Begin PBXFrameworksBuildPhase section */
		3BAB2D501B790CF300846CED /* Frameworks */ = {
			isa = PBXFrameworksBuildPhase;
			buildActionMask = 2147483647;
			files = (
			);
			runOnlyForDeploymentPostprocessing = 0;
		};
		3BAB2D651B790CF400846CED /* Frameworks */ = {
			isa = PBXFrameworksBuildPhase;
			buildActionMask = 2147483647;
			files = (
			);
			runOnlyForDeploymentPostprocessing = 0;
		};
/* End PBXFrameworksBuildPhase section */

/* Begin PBXGroup section */
		3B6C86B31B79A94D00A03EC4 /* Images */ = {
			isa = PBXGroup;
			children = (
				3B6C86B41B79A94D00A03EC4 /* image1.png */,
				3B6C86B51B79A94D00A03EC4 /* image2.png */,
				3B6C86B61B79A94D00A03EC4 /* image3.png */,
				3B6C86B71B79A94D00A03EC4 /* image4.png */,
				3B6C86B81B79A94D00A03EC4 /* image5.png */,
				3B6C86B91B79A94D00A03EC4 /* image6.png */,
			);
			path = Images;
			sourceTree = "<group>";
		};
		3BAB2D4A1B790CF300846CED = {
			isa = PBXGroup;
			children = (
				3BAB2D551B790CF300846CED /* Motivational Quotes */,
				3BAB2D6B1B790CF400846CED /* Motivational QuotesTests */,
				3BAB2D541B790CF300846CED /* Products */,
			);
			sourceTree = "<group>";
		};
		3BAB2D541B790CF300846CED /* Products */ = {
			isa = PBXGroup;
			children = (
				3BAB2D531B790CF300846CED /* Motivational Quotes.app */,
				3BAB2D681B790CF400846CED /* Motivational QuotesTests.xctest */,
			);
			name = Products;
			sourceTree = "<group>";
		};
		3BAB2D551B790CF300846CED /* Motivational Quotes */ = {
			isa = PBXGroup;
			children = (
				3B6C86B31B79A94D00A03EC4 /* Images */,
				3BAB2D581B790CF300846CED /* AppDelegate.swift */,
				3BAB2D5A1B790CF300846CED /* ViewController.swift */,
				3BAB2D5C1B790CF300846CED /* Main.storyboard */,
				3BAB2D5F1B790CF300846CED /* Images.xcassets */,
				3BAB2D611B790CF300846CED /* LaunchScreen.xib */,
				3BAB2D561B790CF300846CED /* Supporting Files */,
			);
			path = "Motivational Quotes";
			sourceTree = "<group>";
		};
		3BAB2D561B790CF300846CED /* Supporting Files */ = {
			isa = PBXGroup;
			children = (
				3BAB2D571B790CF300846CED /* Info.plist */,
			);
			name = "Supporting Files";
			sourceTree = "<group>";
		};
		3BAB2D6B1B790CF400846CED /* Motivational QuotesTests */ = {
			isa = PBXGroup;
			children = (
				3BAB2D6E1B790CF400846CED /* Motivational_QuotesTests.swift */,
				3BAB2D6C1B790CF400846CED /* Supporting Files */,
			);
			path = "Motivational QuotesTests";
			sourceTree = "<group>";
		};
		3BAB2D6C1B790CF400846CED /* Supporting Files */ = {
			isa = PBXGroup;
			children = (
				3BAB2D6D1B790CF400846CED /* Info.plist */,
			);
			name = "Supporting Files";
			sourceTree = "<group>";
		};
/* End PBXGroup section */

/* Begin PBXNativeTarget section */
		3BAB2D521B790CF300846CED /* Motivational Quotes */ = {
			isa = PBXNativeTarget;
			buildConfigurationList = 3BAB2D721B790CF400846CED /* Build configuration list for PBXNativeTarget "Motivational Quotes" */;
			buildPhases = (
				3BAB2D4F1B790CF300846CED /* Sources */,
				3BAB2D501B790CF300846CED /* Frameworks */,
				3BAB2D511B790CF300846CED /* Resources */,
			);
			buildRules = (
			);
			dependencies = (
			);
			name = "Motivational Quotes";
			productName = "Motivational Quotes";
			productReference = 3BAB2D531B790CF300846CED /* Motivational Quotes.app */;
			productType = "com.apple.product-type.application";
		};
		3BAB2D671B790CF400846CED /* Motivational QuotesTests */ = {
			isa = PBXNativeTarget;
			buildConfigurationList = 3BAB2D751B790CF400846CED /* Build configuration list for PBXNativeTarget "Motivational QuotesTests" */;
			buildPhases = (
				3BAB2D641B790CF400846CED /* Sources */,
				3BAB2D651B790CF400846CED /* Frameworks */,
				3BAB2D661B790CF400846CED /* Resources */,
			);
			buildRules = (
			);
			dependencies = (
				3BAB2D6A1B790CF400846CED /* PBXTargetDependency */,
			);
			name = "Motivational QuotesTests";
			productName = "Motivational QuotesTests";
			productReference = 3BAB2D681B790CF400846CED /* Motivational QuotesTests.xctest */;
			productType = "com.apple.product-type.bundle.unit-test";
		};
/* End PBXNativeTarget section */

/* Begin PBXProject section */
		3BAB2D4B1B790CF300846CED /* Project object */ = {
			isa = PBXProject;
			attributes = {
				LastUpgradeCheck = 0630;
				ORGANIZATIONNAME = "Foysal Ahmed Emon";
				TargetAttributes = {
					3BAB2D521B790CF300846CED = {
						CreatedOnToolsVersion = 6.3.2;
						DevelopmentTeam = KUCYQ59LYC;
					};
					3BAB2D671B790CF400846CED = {
						CreatedOnToolsVersion = 6.3.2;
						TestTargetID = 3BAB2D521B790CF300846CED;
					};
				};
			};
			buildConfigurationList = 3BAB2D4E1B790CF300846CED /* Build configuration list for PBXProject "Motivational Quotes" */;
			compatibilityVersion = "Xcode 6.3";
			developmentRegion = English;
			hasScannedForEncodings = 0;
			knownRegions = (
				en,
				Base,
			);
			mainGroup = 3BAB2D4A1B790CF300846CED;
			productRefGroup = 3BAB2D541B790CF300846CED /* Products */;
			projectDirPath = "";
			projectRoot = "";
			targets = (
				3BAB2D521B790CF300846CED /* Motivational Quotes */,
				3BAB2D671B790CF400846CED /* Motivational QuotesTests */,
			);
		};
/* End PBXProject section */

/* Begin PBXResourcesBuildPhase section */
		3BAB2D511B790CF300846CED /* Resources */ = {
			isa = PBXResourcesBuildPhase;
			buildActionMask = 2147483647;
			files = (
				3BAB2D5E1B790CF300846CED /* Main.storyboard in Resources */,
				3B6C86BF1B79A94D00A03EC4 /* image6.png in Resources */,
				3B6C86BC1B79A94D00A03EC4 /* image3.png in Resources */,
				3B6C86BB1B79A94D00A03EC4 /* image2.png in Resources */,
				3B6C86BA1B79A94D00A03EC4 /* image1.png in Resources */,
				3B6C86BD1B79A94D00A03EC4 /* image4.png in Resources */,
				3B6C86BE1B79A94D00A03EC4 /* image5.png in Resources */,
				3BAB2D631B790CF300846CED /* LaunchScreen.xib in Resources */,
				3BAB2D601B790CF300846CED /* Images.xcassets in Resources */,
			);
			runOnlyForDeploymentPostprocessing = 0;
		};
		3BAB2D661B790CF400846CED /* Resources */ = {
			isa = PBXResourcesBuildPhase;
			buildActionMask = 2147483647;
			files = (
			);
			runOnlyForDeploymentPostprocessing = 0;
		};
/* End PBXResourcesBuildPhase section */

/* Begin PBXSourcesBuildPhase section */
		3BAB2D4F1B790CF300846CED /* Sources */ = {
			isa = PBXSourcesBuildPhase;
			buildActionMask = 2147483647;
			files = (
				3BAB2D5B1B790CF300846CED /* ViewController.swift in Sources */,
				3BAB2D591B790CF300846CED /* AppDelegate.swift in Sources */,
			);
			runOnlyForDeploymentPostprocessing = 0;
		};
		3BAB2D641B790CF400846CED /* Sources */ = {
			isa = PBXSourcesBuildPhase;
			buildActionMask = 2147483647;
			files = (
				3BAB2D6F1B790CF400846CED /* Motivational_QuotesTests.swift in Sources */,
			);
			runOnlyForDeploymentPostprocessing = 0;
		};
/* End PBXSourcesBuildPhase section */

/* Begin PBXTargetDependency section */
		3BAB2D6A1B790CF400846CED /* PBXTargetDependency */ = {
			isa = PBXTargetDependency;
			target = 3BAB2D521B790CF300846CED /* Motivational Quotes */;
			targetProxy = 3BAB2D691B790CF400846CED /* PBXContainerItemProxy */;
		};
/* End PBXTargetDependency section */

/* Begin PBXVariantGroup section */
		3BAB2D5C1B790CF300846CED /* Main.storyboard */ = {
			isa = PBXVariantGroup;
			children = (
				3BAB2D5D1B790CF300846CED /* Base */,
			);
			name = Main.storyboard;
			sourceTree = "<group>";
		};
		3BAB2D611B790CF300846CED /* LaunchScreen.xib */ = {
			isa = PBXVariantGroup;
			children = (
				3BAB2D621B790CF300846CED /* Base */,
			);
			name = LaunchScreen.xib;
			sourceTree = "<group>";
		};
/* End PBXVariantGroup section */

/* Begin XCBuildConfiguration section */
		3BAB2D701B790CF400846CED /* Debug */ = {
			isa = XCBuildConfiguration;
			buildSettings = {
				ALWAYS_SEARCH_USER_PATHS = NO;
				CLANG_CXX_LANGUAGE_STANDARD = "gnu++0x";
				CLANG_CXX_LIBRARY = "libc++";
				CLANG_ENABLE_MODULES = YES;
				CLANG_ENABLE_OBJC_ARC = YES;
				CLANG_WARN_BOOL_CONVERSION = YES;
				CLANG_WARN_CONSTANT_CONVERSION = YES;
				CLANG_WARN_DIRECT_OBJC_ISA_USAGE = YES_ERROR;
				CLANG_WARN_EMPTY_BODY = YES;
				CLANG_WARN_ENUM_CONVERSION = YES;
				CLANG_WARN_INT_CONVERSION = YES;
				CLANG_WARN_OBJC_ROOT_CLASS = YES_ERROR;
				CLANG_WARN_UNREACHABLE_CODE = YES;
				CLANG_WARN__DUPLICATE_METHOD_MATCH = YES;
				"CODE_SIGN_IDENTITY[sdk=iphoneos*]" = "iPhone Developer";
				COPY_PHASE_STRIP = NO;
				DEBUG_INFORMATION_FORMAT = "dwarf-with-dsym";
				ENABLE_STRICT_OBJC_MSGSEND = YES;
				GCC_C_LANGUAGE_STANDARD = gnu99;
				GCC_DYNAMIC_NO_PIC = NO;
				GCC_NO_COMMON_BLOCKS = YES;
				GCC_OPTIMIZATION_LEVEL = 0;
				GCC_PREPROCESSOR_DEFINITIONS = (
					"DEBUG=1",
					"$(inherited)",
				);
				GCC_SYMBOLS_PRIVATE_EXTERN = NO;
				GCC_WARN_64_TO_32_BIT_CONVERSION = YES;
				GCC_WARN_ABOUT_RETURN_TYPE = YES_ERROR;
				GCC_WARN_UNDECLARED_SELECTOR = YES;
				GCC_WARN_UNINITIALIZED_AUTOS = YES_AGGRESSIVE;
				GCC_WARN_UNUSED_FUNCTION = YES;
				GCC_WARN_UNUSED_VARIABLE = YES;
				IPHONEOS_DEPLOYMENT_TARGET = 8.3;
				MTL_ENABLE_DEBUG_INFO = YES;
				ONLY_ACTIVE_ARCH = YES;
				SDKROOT = iphoneos;
				SWIFT_OPTIMIZATION_LEVEL = "-Onone";
			};
			name = Debug;
		};
		3BAB2D711B790CF400846CED /* Release */ = {
			isa = XCBuildConfiguration;
			buildSettings = {
				ALWAYS_SEARCH_USER_PATHS = NO;
				CLANG_CXX_LANGUAGE_STANDARD = "gnu++0x";
				CLANG_CXX_LIBRARY = "libc++";
				CLANG_ENABLE_MODULES = YES;
				CLANG_ENABLE_OBJC_ARC = YES;
				CLANG_WARN_BOOL_CONVERSION = YES;
				CLANG_WARN_CONSTANT_CONVERSION = YES;
				CLANG_WARN_DIRECT_OBJC_ISA_USAGE = YES_ERROR;
				CLANG_WARN_EMPTY_BODY = YES;
				CLANG_WARN_ENUM_CONVERSION = YES;
				CLANG_WARN_INT_CONVERSION = YES;
				CLANG_WARN_OBJC_ROOT_CLASS = YES_ERROR;
				CLANG_WARN_UNREACHABLE_CODE = YES;
				CLANG_WARN__DUPLICATE_METHOD_MATCH = YES;
				"CODE_SIGN_IDENTITY[sdk=iphoneos*]" = "iPhone Developer";
				COPY_PHASE_STRIP = NO;
				DEBUG_INFORMATION_FORMAT = "dwarf-with-dsym";
				ENABLE_NS_ASSERTIONS = NO;
				ENABLE_STRICT_OBJC_MSGSEND = YES;
				GCC_C_LANGUAGE_STANDARD = gnu99;
				GCC_NO_COMMON_BLOCKS = YES;
				GCC_WARN_64_TO_32_BIT_CONVERSION = YES;
				GCC_WARN_ABOUT_RETURN_TYPE = YES_ERROR;
				GCC_WARN_UNDECLARED_SELECTOR = YES;
				GCC_WARN_UNINITIALIZED_AUTOS = YES_AGGRESSIVE;
				GCC_WARN_UNUSED_FUNCTION = YES;
				GCC_WARN_UNUSED_VARIABLE = YES;
				IPHONEOS_DEPLOYMENT_TARGET = 8.3;
				MTL_ENABLE_DEBUG_INFO = NO;
				SDKROOT = iphoneos;
				VALIDATE_PRODUCT = YES;
			};
			name = Release;
		};
		3BAB2D731B790CF400846CED /* Debug */ = {
			isa = XCBuildConfiguration;
			buildSettings = {
				ASSETCATALOG_COMPILER_APPICON_NAME = AppIcon;
				CODE_SIGN_IDENTITY = "iPhone Developer";
				INFOPLIST_FILE = "Motivational Quotes/Info.plist";
				IPHONEOS_DEPLOYMENT_TARGET = 8.0;
				LD_RUNPATH_SEARCH_PATHS = "$(inherited) @executable_path/Frameworks";
				PRODUCT_NAME = "$(TARGET_NAME)";
				SDKROOT = iphoneos;
				TARGETED_DEVICE_FAMILY = 1;
			};
			name = Debug;
		};
		3BAB2D741B790CF400846CED /* Release */ = {
			isa = XCBuildConfiguration;
			buildSettings = {
				ASSETCATALOG_COMPILER_APPICON_NAME = AppIcon;
				CODE_SIGN_IDENTITY = "iPhone Developer";
				INFOPLIST_FILE = "Motivational Quotes/Info.plist";
				IPHONEOS_DEPLOYMENT_TARGET = 8.0;
				LD_RUNPATH_SEARCH_PATHS = "$(inherited) @executable_path/Frameworks";
				PRODUCT_NAME = "$(TARGET_NAME)";
				SDKROOT = iphoneos;
				TARGETED_DEVICE_FAMILY = 1;
			};
			name = Release;
		};
		3BAB2D761B790CF400846CED /* Debug */ = {
			isa = XCBuildConfiguration;
			buildSettings = {
				BUNDLE_LOADER = "$(TEST_HOST)";
				FRAMEWORK_SEARCH_PATHS = (
					"$(SDKROOT)/Developer/Library/Frameworks",
					"$(inherited)",
				);
				GCC_PREPROCESSOR_DEFINITIONS = (
					"DEBUG=1",
					"$(inherited)",
				);
				INFOPLIST_FILE = "Motivational QuotesTests/Info.plist";
				LD_RUNPATH_SEARCH_PATHS = "$(inherited) @executable_path/Frameworks @loader_path/Frameworks";
				PRODUCT_NAME = "$(TARGET_NAME)";
				TEST_HOST = "$(BUILT_PRODUCTS_DIR)/Motivational Quotes.app/Motivational Quotes";
			};
			name = Debug;
		};
		3BAB2D771B790CF400846CED /* Release */ = {
			isa = XCBuildConfiguration;
			buildSettings = {
				BUNDLE_LOADER = "$(TEST_HOST)";
				FRAMEWORK_SEARCH_PATHS = (
					"$(SDKROOT)/Developer/Library/Frameworks",
					"$(inherited)",
				);
				INFOPLIST_FILE = "Motivational QuotesTests/Info.plist";
				LD_RUNPATH_SEARCH_PATHS = "$(inherited) @executable_path/Frameworks @loader_path/Frameworks";
				PRODUCT_NAME = "$(TARGET_NAME)";
				TEST_HOST = "$(BUILT_PRODUCTS_DIR)/Motivational Quotes.app/Motivational Quotes";
			};
			name = Release;
		};
/* End XCBuildConfiguration section */

/* Begin XCConfigurationList section */
		3BAB2D4E1B790CF300846CED /* Build configuration list for PBXProject "Motivational Quotes" */ = {
			isa = XCConfigurationList;
			buildConfigurations = (
				3BAB2D701B790CF400846CED /* Debug */,
				3BAB2D711B790CF400846CED /* Release */,
			);
			defaultConfigurationIsVisible = 0;
			defaultConfigurationName = Release;
		};
		3BAB2D721B790CF400846CED /* Build configuration list for PBXNativeTarget "Motivational Quotes" */ = {
			isa = XCConfigurationList;
			buildConfigurations = (
				3BAB2D731B790CF400846CED /* Debug */,
				3BAB2D741B790CF400846CED /* Release */,
			);
			defaultConfigurationIsVisible = 0;
			defaultConfigurationName = Release;
		};
		3BAB2D751B790CF400846CED /* Build configuration list for PBXNativeTarget "Motivational QuotesTests" */ = {
			isa = XCConfigurationList;
			buildConfigurations = (
				3BAB2D761B790CF400846CED /* Debug */,
				3BAB2D771B790CF400846CED /* Release */,
			);
			defaultConfigurationIsVisible = 0;
			defaultConfigurationName = Release;
		};
/* End XCConfigurationList section */
	};
	rootObject = 3BAB2D4B1B790CF300846CED /* Project object */;
}
